// !$*UTF8*$!
{
	archiveVersion = 1;
	classes = {
	};
	objectVersion = 56;
	objects = {

/* Begin PBXBuildFile section */
		B82F3C342A8DC5C40036FB81 /* SwiftUI_with_MVVMApp.swift in Sources */ = {isa = PBXBuildFile; fileRef = B82F3C332A8DC5C40036FB81 /* SwiftUI_with_MVVMApp.swift */; };
		B82F3C382A8DC5C60036FB81 /* Assets.xcassets in Resources */ = {isa = PBXBuildFile; fileRef = B82F3C372A8DC5C60036FB81 /* Assets.xcassets */; };
		B82F3C3B2A8DC5C60036FB81 /* Preview Assets.xcassets in Resources */ = {isa = PBXBuildFile; fileRef = B82F3C3A2A8DC5C60036FB81 /* Preview Assets.xcassets */; };
		B82F3C472A8DC7C80036FB81 /* UserModel.swift in Sources */ = {isa = PBXBuildFile; fileRef = B82F3C462A8DC7C80036FB81 /* UserModel.swift */; };
		B82F3C492A8DC8550036FB81 /* UserModelBasicView.swift in Sources */ = {isa = PBXBuildFile; fileRef = B82F3C482A8DC8550036FB81 /* UserModelBasicView.swift */; };
		B83881E02A95A28C003C45C1 /* AppStorageBasic.swift in Sources */ = {isa = PBXBuildFile; fileRef = B83881DF2A95A28C003C45C1 /* AppStorageBasic.swift */; };
		B83881EB2A970095003C45C1 /* ContentView.swift in Sources */ = {isa = PBXBuildFile; fileRef = B83881EA2A970095003C45C1 /* ContentView.swift */; };
		B83881F12A9701A7003C45C1 /* covers.json in Resources */ = {isa = PBXBuildFile; fileRef = B83881EE2A9701A7003C45C1 /* covers.json */; };
		B83881F22A9701A7003C45C1 /* videos.json in Resources */ = {isa = PBXBuildFile; fileRef = B83881EF2A9701A7003C45C1 /* videos.json */; };
		B83881F32A9701A7003C45C1 /* animals.json in Resources */ = {isa = PBXBuildFile; fileRef = B83881F02A9701A7003C45C1 /* animals.json */; };
		B83881F52A9703C2003C45C1 /* FrameExtenstion.swift in Sources */ = {isa = PBXBuildFile; fileRef = B83881F42A9703C2003C45C1 /* FrameExtenstion.swift */; };
		B83881F72A9705A1003C45C1 /* File.swift in Sources */ = {isa = PBXBuildFile; fileRef = B83881F62A9705A1003C45C1 /* File.swift */; };
		B863E86B2A938DDA00FFCCC8 /* FruitModel.swift in Sources */ = {isa = PBXBuildFile; fileRef = B863E86A2A938DDA00FFCCC8 /* FruitModel.swift */; };
		B863E86D2A938E2200FFCCC8 /* FruitViewModel.swift in Sources */ = {isa = PBXBuildFile; fileRef = B863E86C2A938E2200FFCCC8 /* FruitViewModel.swift */; };
		B863E86F2A93912300FFCCC8 /* FruitBasicView.swift in Sources */ = {isa = PBXBuildFile; fileRef = B863E86E2A93912300FFCCC8 /* FruitBasicView.swift */; };
		B863E8712A94572500FFCCC8 /* IOSDeviceModel.swift in Sources */ = {isa = PBXBuildFile; fileRef = B863E8702A94572500FFCCC8 /* IOSDeviceModel.swift */; };
		B863E8732A94576E00FFCCC8 /* IOSDeviceViewModel.swift in Sources */ = {isa = PBXBuildFile; fileRef = B863E8722A94576E00FFCCC8 /* IOSDeviceViewModel.swift */; };
		B863E8752A94586F00FFCCC8 /* IOSDeviceView1.swift in Sources */ = {isa = PBXBuildFile; fileRef = B863E8742A94586F00FFCCC8 /* IOSDeviceView1.swift */; };
		B863E8772A945C0D00FFCCC8 /* IOSDeviceView2.swift in Sources */ = {isa = PBXBuildFile; fileRef = B863E8762A945C0D00FFCCC8 /* IOSDeviceView2.swift */; };
		B863E87B2A945DEB00FFCCC8 /* IOSDeviceView3.swift in Sources */ = {isa = PBXBuildFile; fileRef = B863E87A2A945DEB00FFCCC8 /* IOSDeviceView3.swift */; };
/* End PBXBuildFile section */

/* Begin PBXFileReference section */
		B82F3C302A8DC5C40036FB81 /* SwiftUI_with_MVVM.app */ = {isa = PBXFileReference; explicitFileType = wrapper.application; includeInIndex = 0; path = SwiftUI_with_MVVM.app; sourceTree = BUILT_PRODUCTS_DIR; };
		B82F3C332A8DC5C40036FB81 /* SwiftUI_with_MVVMApp.swift */ = {isa = PBXFileReference; lastKnownFileType = sourcecode.swift; path = SwiftUI_with_MVVMApp.swift; sourceTree = "<group>"; };
		B82F3C372A8DC5C60036FB81 /* Assets.xcassets */ = {isa = PBXFileReference; lastKnownFileType = folder.assetcatalog; path = Assets.xcassets; sourceTree = "<group>"; };
		B82F3C3A2A8DC5C60036FB81 /* Preview Assets.xcassets */ = {isa = PBXFileReference; lastKnownFileType = folder.assetcatalog; path = "Preview Assets.xcassets"; sourceTree = "<group>"; };
		B82F3C462A8DC7C80036FB81 /* UserModel.swift */ = {isa = PBXFileReference; lastKnownFileType = sourcecode.swift; path = UserModel.swift; sourceTree = "<group>"; };
		B82F3C482A8DC8550036FB81 /* UserModelBasicView.swift */ = {isa = PBXFileReference; lastKnownFileType = sourcecode.swift; path = UserModelBasicView.swift; sourceTree = "<group>"; };
		B83881DF2A95A28C003C45C1 /* AppStorageBasic.swift */ = {isa = PBXFileReference; lastKnownFileType = sourcecode.swift; path = AppStorageBasic.swift; sourceTree = "<group>"; };
		B83881EA2A970095003C45C1 /* ContentView.swift */ = {isa = PBXFileReference; lastKnownFileType = sourcecode.swift; path = ContentView.swift; sourceTree = "<group>"; };
		B83881EE2A9701A7003C45C1 /* covers.json */ = {isa = PBXFileReference; fileEncoding = 4; lastKnownFileType = text.json; name = covers.json; path = "../../../../inflearn/강의자료-SwiftUIBasic/예제코드/02.AnimalKR/Project Data/05.Json/covers.json"; sourceTree = "<group>"; };
		B83881EF2A9701A7003C45C1 /* videos.json */ = {isa = PBXFileReference; fileEncoding = 4; lastKnownFileType = text.json; name = videos.json; path = "../../../../inflearn/강의자료-SwiftUIBasic/예제코드/02.AnimalKR/Project Data/05.Json/videos.json"; sourceTree = "<group>"; };
		B83881F02A9701A7003C45C1 /* animals.json */ = {isa = PBXFileReference; fileEncoding = 4; lastKnownFileType = text.json; name = animals.json; path = "../../../../inflearn/강의자료-SwiftUIBasic/예제코드/02.AnimalKR/Project Data/05.Json/animals.json"; sourceTree = "<group>"; };
		B83881F42A9703C2003C45C1 /* FrameExtenstion.swift */ = {isa = PBXFileReference; lastKnownFileType = sourcecode.swift; path = FrameExtenstion.swift; sourceTree = "<group>"; };
		B83881F62A9705A1003C45C1 /* File.swift */ = {isa = PBXFileReference; lastKnownFileType = sourcecode.swift; path = File.swift; sourceTree = "<group>"; };
		B863E86A2A938DDA00FFCCC8 /* FruitModel.swift */ = {isa = PBXFileReference; lastKnownFileType = sourcecode.swift; path = FruitModel.swift; sourceTree = "<group>"; };
		B863E86C2A938E2200FFCCC8 /* FruitViewModel.swift */ = {isa = PBXFileReference; lastKnownFileType = sourcecode.swift; path = FruitViewModel.swift; sourceTree = "<group>"; };
		B863E86E2A93912300FFCCC8 /* FruitBasicView.swift */ = {isa = PBXFileReference; lastKnownFileType = sourcecode.swift; path = FruitBasicView.swift; sourceTree = "<group>"; };
		B863E8702A94572500FFCCC8 /* IOSDeviceModel.swift */ = {isa = PBXFileReference; lastKnownFileType = sourcecode.swift; path = IOSDeviceModel.swift; sourceTree = "<group>"; };
		B863E8722A94576E00FFCCC8 /* IOSDeviceViewModel.swift */ = {isa = PBXFileReference; lastKnownFileType = sourcecode.swift; path = IOSDeviceViewModel.swift; sourceTree = "<group>"; };
		B863E8742A94586F00FFCCC8 /* IOSDeviceView1.swift */ = {isa = PBXFileReference; lastKnownFileType = sourcecode.swift; path = IOSDeviceView1.swift; sourceTree = "<group>"; };
		B863E8762A945C0D00FFCCC8 /* IOSDeviceView2.swift */ = {isa = PBXFileReference; lastKnownFileType = sourcecode.swift; path = IOSDeviceView2.swift; sourceTree = "<group>"; };
		B863E87A2A945DEB00FFCCC8 /* IOSDeviceView3.swift */ = {isa = PBXFileReference; lastKnownFileType = sourcecode.swift; path = IOSDeviceView3.swift; sourceTree = "<group>"; };
/* End PBXFileReference section */

/* Begin PBXFrameworksBuildPhase section */
		B82F3C2D2A8DC5C40036FB81 /* Frameworks */ = {
			isa = PBXFrameworksBuildPhase;
			buildActionMask = 2147483647;
			files = (
			);
			runOnlyForDeploymentPostprocessing = 0;
		};
/* End PBXFrameworksBuildPhase section */

/* Begin PBXGroup section */
		B82F3C272A8DC5C40036FB81 = {
			isa = PBXGroup;
			children = (
				B82F3C322A8DC5C40036FB81 /* SwiftUI_with_MVVM */,
				B82F3C312A8DC5C40036FB81 /* Products */,
			);
			sourceTree = "<group>";
		};
		B82F3C312A8DC5C40036FB81 /* Products */ = {
			isa = PBXGroup;
			children = (
				B82F3C302A8DC5C40036FB81 /* SwiftUI_with_MVVM.app */,
			);
			name = Products;
			sourceTree = "<group>";
		};
		B82F3C322A8DC5C40036FB81 /* SwiftUI_with_MVVM */ = {
			isa = PBXGroup;
			children = (
				B83881ED2A970168003C45C1 /* Data */,
				B83881E52A97001A003C45C1 /* App */,
				B83881E42A97000B003C45C1 /* Model */,
				B83881E32A96FFFC003C45C1 /* ViewModel */,
				B83881E22A96FFED003C45C1 /* Extentions */,
				B83881E12A96FFE0003C45C1 /* View */,
				B82F3C332A8DC5C40036FB81 /* SwiftUI_with_MVVMApp.swift */,
				B82F3C412A8DC7160036FB81 /* MVVM */,
				B82F3C372A8DC5C60036FB81 /* Assets.xcassets */,
				B82F3C392A8DC5C60036FB81 /* Preview Content */,
			);
			path = SwiftUI_with_MVVM;
			sourceTree = "<group>";
		};
		B82F3C392A8DC5C60036FB81 /* Preview Content */ = {
			isa = PBXGroup;
			children = (
				B82F3C3A2A8DC5C60036FB81 /* Preview Assets.xcassets */,
			);
			path = "Preview Content";
			sourceTree = "<group>";
		};
		B82F3C412A8DC7160036FB81 /* MVVM */ = {
			isa = PBXGroup;
			children = (
				B83881DF2A95A28C003C45C1 /* AppStorageBasic.swift */,
				B82F3C452A8DC76E0036FB81 /* View */,
				B82F3C442A8DC7470036FB81 /* ViewModel */,
				B82F3C422A8DC7350036FB81 /* Model */,
			);
			path = MVVM;
			sourceTree = "<group>";
		};
		B82F3C422A8DC7350036FB81 /* Model */ = {
			isa = PBXGroup;
			children = (
				B82F3C462A8DC7C80036FB81 /* UserModel.swift */,
				B863E86A2A938DDA00FFCCC8 /* FruitModel.swift */,
				B863E8702A94572500FFCCC8 /* IOSDeviceModel.swift */,
			);
			path = Model;
			sourceTree = "<group>";
		};
		B82F3C442A8DC7470036FB81 /* ViewModel */ = {
			isa = PBXGroup;
			children = (
				B863E86C2A938E2200FFCCC8 /* FruitViewModel.swift */,
				B863E8722A94576E00FFCCC8 /* IOSDeviceViewModel.swift */,
			);
			path = ViewModel;
			sourceTree = "<group>";
		};
		B82F3C452A8DC76E0036FB81 /* View */ = {
			isa = PBXGroup;
			children = (
				B82F3C482A8DC8550036FB81 /* UserModelBasicView.swift */,
				B863E86E2A93912300FFCCC8 /* FruitBasicView.swift */,
				B863E8742A94586F00FFCCC8 /* IOSDeviceView1.swift */,
				B863E8762A945C0D00FFCCC8 /* IOSDeviceView2.swift */,
				B863E87A2A945DEB00FFCCC8 /* IOSDeviceView3.swift */,
			);
			path = View;
			sourceTree = "<group>";
		};
		B83881E12A96FFE0003C45C1 /* View */ = {
			isa = PBXGroup;
			children = (
				B83881E92A970064003C45C1 /* ContentView */,
				B83881E82A97005A003C45C1 /* VideoView */,
				B83881E72A97004F003C45C1 /* GallaryView */,
				B83881E62A970038003C45C1 /* AppInfo */,
			);
			path = View;
			sourceTree = "<group>";
		};
		B83881E22A96FFED003C45C1 /* Extentions */ = {
			isa = PBXGroup;
			children = (
				B83881F42A9703C2003C45C1 /* FrameExtenstion.swift */,
				B83881F62A9705A1003C45C1 /* File.swift */,
			);
			path = Extentions;
			sourceTree = "<group>";
		};
		B83881E32A96FFFC003C45C1 /* ViewModel */ = {
			isa = PBXGroup;
			children = (
			);
			path = ViewModel;
			sourceTree = "<group>";
		};
		B83881E42A97000B003C45C1 /* Model */ = {
			isa = PBXGroup;
			children = (
			);
			path = Model;
			sourceTree = "<group>";
		};
		B83881E52A97001A003C45C1 /* App */ = {
			isa = PBXGroup;
			children = (
			);
			path = App;
			sourceTree = "<group>";
		};
		B83881E62A970038003C45C1 /* AppInfo */ = {
			isa = PBXGroup;
			children = (
			);
			path = AppInfo;
			sourceTree = "<group>";
		};
		B83881E72A97004F003C45C1 /* GallaryView */ = {
			isa = PBXGroup;
			children = (
			);
			path = GallaryView;
			sourceTree = "<group>";
		};
		B83881E82A97005A003C45C1 /* VideoView */ = {
			isa = PBXGroup;
			children = (
			);
			path = VideoView;
			sourceTree = "<group>";
		};
		B83881E92A970064003C45C1 /* ContentView */ = {
			isa = PBXGroup;
			children = (
				B83881EA2A970095003C45C1 /* ContentView.swift */,
			);
			path = ContentView;
			sourceTree = "<group>";
		};
		B83881ED2A970168003C45C1 /* Data */ = {
			isa = PBXGroup;
			children = (
				B83881F02A9701A7003C45C1 /* animals.json */,
				B83881EE2A9701A7003C45C1 /* covers.json */,
				B83881EF2A9701A7003C45C1 /* videos.json */,
			);
			path = Data;
			sourceTree = "<group>";
		};
/* End PBXGroup section */

/* Begin PBXNativeTarget section */
		B82F3C2F2A8DC5C40036FB81 /* SwiftUI_with_MVVM */ = {
			isa = PBXNativeTarget;
			buildConfigurationList = B82F3C3E2A8DC5C60036FB81 /* Build configuration list for PBXNativeTarget "SwiftUI_with_MVVM" */;
			buildPhases = (
				B82F3C2C2A8DC5C40036FB81 /* Sources */,
				B82F3C2D2A8DC5C40036FB81 /* Frameworks */,
				B82F3C2E2A8DC5C40036FB81 /* Resources */,
			);
			buildRules = (
			);
			dependencies = (
			);
			name = SwiftUI_with_MVVM;
			productName = SwiftUI_with_MVVM;
			productReference = B82F3C302A8DC5C40036FB81 /* SwiftUI_with_MVVM.app */;
			productType = "com.apple.product-type.application";
		};
/* End PBXNativeTarget section */

/* Begin PBXProject section */
		B82F3C282A8DC5C40036FB81 /* Project object */ = {
			isa = PBXProject;
			attributes = {
				BuildIndependentTargetsInParallel = 1;
				LastSwiftUpdateCheck = 1430;
				LastUpgradeCheck = 1430;
				TargetAttributes = {
					B82F3C2F2A8DC5C40036FB81 = {
						CreatedOnToolsVersion = 14.3.1;
					};
				};
			};
			buildConfigurationList = B82F3C2B2A8DC5C40036FB81 /* Build configuration list for PBXProject "SwiftUI_with_MVVM" */;
			compatibilityVersion = "Xcode 14.0";
			developmentRegion = en;
			hasScannedForEncodings = 0;
			knownRegions = (
				en,
				Base,
			);
			mainGroup = B82F3C272A8DC5C40036FB81;
			productRefGroup = B82F3C312A8DC5C40036FB81 /* Products */;
			projectDirPath = "";
			projectRoot = "";
			targets = (
				B82F3C2F2A8DC5C40036FB81 /* SwiftUI_with_MVVM */,
			);
		};
/* End PBXProject section */

/* Begin PBXResourcesBuildPhase section */
		B82F3C2E2A8DC5C40036FB81 /* Resources */ = {
			isa = PBXResourcesBuildPhase;
			buildActionMask = 2147483647;
			files = (
				B83881F32A9701A7003C45C1 /* animals.json in Resources */,
				B82F3C3B2A8DC5C60036FB81 /* Preview Assets.xcassets in Resources */,
				B83881F22A9701A7003C45C1 /* videos.json in Resources */,
				B83881F12A9701A7003C45C1 /* covers.json in Resources */,
				B82F3C382A8DC5C60036FB81 /* Assets.xcassets in Resources */,
			);
			runOnlyForDeploymentPostprocessing = 0;
		};
/* End PBXResourcesBuildPhase section */

/* Begin PBXSourcesBuildPhase section */
		B82F3C2C2A8DC5C40036FB81 /* Sources */ = {
			isa = PBXSourcesBuildPhase;
			buildActionMask = 2147483647;
			files = (
				B863E8752A94586F00FFCCC8 /* IOSDeviceView1.swift in Sources */,
				B863E8772A945C0D00FFCCC8 /* IOSDeviceView2.swift in Sources */,
				B863E86F2A93912300FFCCC8 /* FruitBasicView.swift in Sources */,
				B82F3C472A8DC7C80036FB81 /* UserModel.swift in Sources */,
				B83881F52A9703C2003C45C1 /* FrameExtenstion.swift in Sources */,
				B863E8732A94576E00FFCCC8 /* IOSDeviceViewModel.swift in Sources */,
				B863E87B2A945DEB00FFCCC8 /* IOSDeviceView3.swift in Sources */,
				B82F3C342A8DC5C40036FB81 /* SwiftUI_with_MVVMApp.swift in Sources */,
				B863E86D2A938E2200FFCCC8 /* FruitViewModel.swift in Sources */,
				B83881E02A95A28C003C45C1 /* AppStorageBasic.swift in Sources */,
				B83881F72A9705A1003C45C1 /* File.swift in Sources */,
				B863E8712A94572500FFCCC8 /* IOSDeviceModel.swift in Sources */,
				B83881EB2A970095003C45C1 /* ContentView.swift in Sources */,
				B863E86B2A938DDA00FFCCC8 /* FruitModel.swift in Sources */,
				B82F3C492A8DC8550036FB81 /* UserModelBasicView.swift in Sources */,
			);
			runOnlyForDeploymentPostprocessing = 0;
		};
/* End PBXSourcesBuildPhase section */

/* Begin XCBuildConfiguration section */
		B82F3C3C2A8DC5C60036FB81 /* Debug */ = {
			isa = XCBuildConfiguration;
			buildSettings = {
				ALWAYS_SEARCH_USER_PATHS = NO;
				CLANG_ANALYZER_NONNULL = YES;
				CLANG_ANALYZER_NUMBER_OBJECT_CONVERSION = YES_AGGRESSIVE;
				CLANG_CXX_LANGUAGE_STANDARD = "gnu++20";
				CLANG_ENABLE_MODULES = YES;
				CLANG_ENABLE_OBJC_ARC = YES;
				CLANG_ENABLE_OBJC_WEAK = YES;
				CLANG_WARN_BLOCK_CAPTURE_AUTORELEASING = YES;
				CLANG_WARN_BOOL_CONVERSION = YES;
				CLANG_WARN_COMMA = YES;
				CLANG_WARN_CONSTANT_CONVERSION = YES;
				CLANG_WARN_DEPRECATED_OBJC_IMPLEMENTATIONS = YES;
				CLANG_WARN_DIRECT_OBJC_ISA_USAGE = YES_ERROR;
				CLANG_WARN_DOCUMENTATION_COMMENTS = YES;
				CLANG_WARN_EMPTY_BODY = YES;
				CLANG_WARN_ENUM_CONVERSION = YES;
				CLANG_WARN_INFINITE_RECURSION = YES;
				CLANG_WARN_INT_CONVERSION = YES;
				CLANG_WARN_NON_LITERAL_NULL_CONVERSION = YES;
				CLANG_WARN_OBJC_IMPLICIT_RETAIN_SELF = YES;
				CLANG_WARN_OBJC_LITERAL_CONVERSION = YES;
				CLANG_WARN_OBJC_ROOT_CLASS = YES_ERROR;
				CLANG_WARN_QUOTED_INCLUDE_IN_FRAMEWORK_HEADER = YES;
				CLANG_WARN_RANGE_LOOP_ANALYSIS = YES;
				CLANG_WARN_STRICT_PROTOTYPES = YES;
				CLANG_WARN_SUSPICIOUS_MOVE = YES;
				CLANG_WARN_UNGUARDED_AVAILABILITY = YES_AGGRESSIVE;
				CLANG_WARN_UNREACHABLE_CODE = YES;
				CLANG_WARN__DUPLICATE_METHOD_MATCH = YES;
				COPY_PHASE_STRIP = NO;
				DEBUG_INFORMATION_FORMAT = dwarf;
				ENABLE_STRICT_OBJC_MSGSEND = YES;
				ENABLE_TESTABILITY = YES;
				GCC_C_LANGUAGE_STANDARD = gnu11;
				GCC_DYNAMIC_NO_PIC = NO;
				GCC_NO_COMMON_BLOCKS = YES;
				GCC_OPTIMIZATION_LEVEL = 0;
				GCC_PREPROCESSOR_DEFINITIONS = (
					"DEBUG=1",
					"$(inherited)",
				);
				GCC_WARN_64_TO_32_BIT_CONVERSION = YES;
				GCC_WARN_ABOUT_RETURN_TYPE = YES_ERROR;
				GCC_WARN_UNDECLARED_SELECTOR = YES;
				GCC_WARN_UNINITIALIZED_AUTOS = YES_AGGRESSIVE;
				GCC_WARN_UNUSED_FUNCTION = YES;
				GCC_WARN_UNUSED_VARIABLE = YES;
				IPHONEOS_DEPLOYMENT_TARGET = 16.4;
				MTL_ENABLE_DEBUG_INFO = INCLUDE_SOURCE;
				MTL_FAST_MATH = YES;
				ONLY_ACTIVE_ARCH = YES;
				SDKROOT = iphoneos;
				SWIFT_ACTIVE_COMPILATION_CONDITIONS = DEBUG;
				SWIFT_OPTIMIZATION_LEVEL = "-Onone";
			};
			name = Debug;
		};
		B82F3C3D2A8DC5C60036FB81 /* Release */ = {
			isa = XCBuildConfiguration;
			buildSettings = {
				ALWAYS_SEARCH_USER_PATHS = NO;
				CLANG_ANALYZER_NONNULL = YES;
				CLANG_ANALYZER_NUMBER_OBJECT_CONVERSION = YES_AGGRESSIVE;
				CLANG_CXX_LANGUAGE_STANDARD = "gnu++20";
				CLANG_ENABLE_MODULES = YES;
				CLANG_ENABLE_OBJC_ARC = YES;
				CLANG_ENABLE_OBJC_WEAK = YES;
				CLANG_WARN_BLOCK_CAPTURE_AUTORELEASING = YES;
				CLANG_WARN_BOOL_CONVERSION = YES;
				CLANG_WARN_COMMA = YES;
				CLANG_WARN_CONSTANT_CONVERSION = YES;
				CLANG_WARN_DEPRECATED_OBJC_IMPLEMENTATIONS = YES;
				CLANG_WARN_DIRECT_OBJC_ISA_USAGE = YES_ERROR;
				CLANG_WARN_DOCUMENTATION_COMMENTS = YES;
				CLANG_WARN_EMPTY_BODY = YES;
				CLANG_WARN_ENUM_CONVERSION = YES;
				CLANG_WARN_INFINITE_RECURSION = YES;
				CLANG_WARN_INT_CONVERSION = YES;
				CLANG_WARN_NON_LITERAL_NULL_CONVERSION = YES;
				CLANG_WARN_OBJC_IMPLICIT_RETAIN_SELF = YES;
				CLANG_WARN_OBJC_LITERAL_CONVERSION = YES;
				CLANG_WARN_OBJC_ROOT_CLASS = YES_ERROR;
				CLANG_WARN_QUOTED_INCLUDE_IN_FRAMEWORK_HEADER = YES;
				CLANG_WARN_RANGE_LOOP_ANALYSIS = YES;
				CLANG_WARN_STRICT_PROTOTYPES = YES;
				CLANG_WARN_SUSPICIOUS_MOVE = YES;
				CLANG_WARN_UNGUARDED_AVAILABILITY = YES_AGGRESSIVE;
				CLANG_WARN_UNREACHABLE_CODE = YES;
				CLANG_WARN__DUPLICATE_METHOD_MATCH = YES;
				COPY_PHASE_STRIP = NO;
				DEBUG_INFORMATION_FORMAT = "dwarf-with-dsym";
				ENABLE_NS_ASSERTIONS = NO;
				ENABLE_STRICT_OBJC_MSGSEND = YES;
				GCC_C_LANGUAGE_STANDARD = gnu11;
				GCC_NO_COMMON_BLOCKS = YES;
				GCC_WARN_64_TO_32_BIT_CONVERSION = YES;
				GCC_WARN_ABOUT_RETURN_TYPE = YES_ERROR;
				GCC_WARN_UNDECLARED_SELECTOR = YES;
				GCC_WARN_UNINITIALIZED_AUTOS = YES_AGGRESSIVE;
				GCC_WARN_UNUSED_FUNCTION = YES;
				GCC_WARN_UNUSED_VARIABLE = YES;
				IPHONEOS_DEPLOYMENT_TARGET = 16.4;
				MTL_ENABLE_DEBUG_INFO = NO;
				MTL_FAST_MATH = YES;
				SDKROOT = iphoneos;
				SWIFT_COMPILATION_MODE = wholemodule;
				SWIFT_OPTIMIZATION_LEVEL = "-O";
				VALIDATE_PRODUCT = YES;
			};
			name = Release;
		};
		B82F3C3F2A8DC5C60036FB81 /* Debug */ = {
			isa = XCBuildConfiguration;
			buildSettings = {
				ASSETCATALOG_COMPILER_APPICON_NAME = AppIcon;
				ASSETCATALOG_COMPILER_GLOBAL_ACCENT_COLOR_NAME = AccentColor;
				CODE_SIGN_STYLE = Automatic;
				CURRENT_PROJECT_VERSION = 1;
				DEVELOPMENT_ASSET_PATHS = "\"SwiftUI_with_MVVM/Preview Content\"";
				DEVELOPMENT_TEAM = D6SMN493M9;
				ENABLE_PREVIEWS = YES;
				GENERATE_INFOPLIST_FILE = YES;
				INFOPLIST_KEY_UIApplicationSceneManifest_Generation = YES;
				INFOPLIST_KEY_UIApplicationSupportsIndirectInputEvents = YES;
				INFOPLIST_KEY_UILaunchScreen_Generation = YES;
				INFOPLIST_KEY_UISupportedInterfaceOrientations_iPad = "UIInterfaceOrientationPortrait UIInterfaceOrientationPortraitUpsideDown UIInterfaceOrientationLandscapeLeft UIInterfaceOrientationLandscapeRight";
				INFOPLIST_KEY_UISupportedInterfaceOrientations_iPhone = "UIInterfaceOrientationPortrait UIInterfaceOrientationLandscapeLeft UIInterfaceOrientationLandscapeRight";
				INFOPLIST_KEY_UIUserInterfaceStyle = Dark;
				IPHONEOS_DEPLOYMENT_TARGET = 15.0;
				LD_RUNPATH_SEARCH_PATHS = (
					"$(inherited)",
					"@executable_path/Frameworks",
				);
				MARKETING_VERSION = 1.0;
				PRODUCT_BUNDLE_IDENTIFIER = "novicePGT.SwiftUI-with-MVVM";
				PRODUCT_NAME = "$(TARGET_NAME)";
				SUPPORTED_PLATFORMS = "iphoneos iphonesimulator";
				SUPPORTS_MACCATALYST = NO;
				SUPPORTS_MAC_DESIGNED_FOR_IPHONE_IPAD = NO;
				SWIFT_EMIT_LOC_STRINGS = YES;
				SWIFT_VERSION = 5.0;
				TARGETED_DEVICE_FAMILY = 1;
			};
			name = Debug;
		};
		B82F3C402A8DC5C60036FB81 /* Release */ = {
			isa = XCBuildConfiguration;
			buildSettings = {
				ASSETCATALOG_COMPILER_APPICON_NAME = AppIcon;
				ASSETCATALOG_COMPILER_GLOBAL_ACCENT_COLOR_NAME = AccentColor;
				CODE_SIGN_STYLE = Automatic;
				CURRENT_PROJECT_VERSION = 1;
				DEVELOPMENT_ASSET_PATHS = "\"SwiftUI_with_MVVM/Preview Content\"";
				DEVELOPMENT_TEAM = D6SMN493M9;
				ENABLE_PREVIEWS = YES;
				GENERATE_INFOPLIST_FILE = YES;
				INFOPLIST_KEY_UIApplicationSceneManifest_Generation = YES;
				INFOPLIST_KEY_UIApplicationSupportsIndirectInputEvents = YES;
				INFOPLIST_KEY_UILaunchScreen_Generation = YES;
				INFOPLIST_KEY_UISupportedInterfaceOrientations_iPad = "UIInterfaceOrientationPortrait UIInterfaceOrientationPortraitUpsideDown UIInterfaceOrientationLandscapeLeft UIInterfaceOrientationLandscapeRight";
				INFOPLIST_KEY_UISupportedInterfaceOrientations_iPhone = "UIInterfaceOrientationPortrait UIInterfaceOrientationLandscapeLeft UIInterfaceOrientationLandscapeRight";
				INFOPLIST_KEY_UIUserInterfaceStyle = Dark;
				IPHONEOS_DEPLOYMENT_TARGET = 15.0;
				LD_RUNPATH_SEARCH_PATHS = (
					"$(inherited)",
					"@executable_path/Frameworks",
				);
				MARKETING_VERSION = 1.0;
				PRODUCT_BUNDLE_IDENTIFIER = "novicePGT.SwiftUI-with-MVVM";
				PRODUCT_NAME = "$(TARGET_NAME)";
				SUPPORTED_PLATFORMS = "iphoneos iphonesimulator";
				SUPPORTS_MACCATALYST = NO;
				SUPPORTS_MAC_DESIGNED_FOR_IPHONE_IPAD = NO;
				SWIFT_EMIT_LOC_STRINGS = YES;
				SWIFT_VERSION = 5.0;
				TARGETED_DEVICE_FAMILY = 1;
			};
			name = Release;
		};
/* End XCBuildConfiguration section */

/* Begin XCConfigurationList section */
		B82F3C2B2A8DC5C40036FB81 /* Build configuration list for PBXProject "SwiftUI_with_MVVM" */ = {
			isa = XCConfigurationList;
			buildConfigurations = (
				B82F3C3C2A8DC5C60036FB81 /* Debug */,
				B82F3C3D2A8DC5C60036FB81 /* Release */,
			);
			defaultConfigurationIsVisible = 0;
			defaultConfigurationName = Release;
		};
		B82F3C3E2A8DC5C60036FB81 /* Build configuration list for PBXNativeTarget "SwiftUI_with_MVVM" */ = {
			isa = XCConfigurationList;
			buildConfigurations = (
				B82F3C3F2A8DC5C60036FB81 /* Debug */,
				B82F3C402A8DC5C60036FB81 /* Release */,
			);
			defaultConfigurationIsVisible = 0;
			defaultConfigurationName = Release;
		};
/* End XCConfigurationList section */
	};
	rootObject = B82F3C282A8DC5C40036FB81 /* Project object */;
}
